
Microsoft Visual Studio Solution File, Format Version 12.00
# Visual Studio Version 16
VisualStudioVersion = 16.0.30404.54
MinimumVisualStudioVersion = 10.0.40219.1
Project("{FAE04EC0-301F-11D3-BF4B-00C04F79EFBC}") = "Scarlett-Sideloader", "Scarlett-Sideloader.csproj", "{F548398D-9D14-44E9-8AA5-74C1A8CF2783}"
EndProject
Global
	GlobalSection(SolutionConfigurationPlatforms) = preSolution
		Debug|Any CPU = Debug|Any CPU
		Release|Any CPU = Release|Any CPU
	EndGlobalSection
	GlobalSection(ProjectConfigurationPlatforms) = postSolution
		{F548398D-9D14-44E9-8AA5-74C1A8CF2783}.Debug|Any CPU.ActiveCfg = Debug|Any CPU
		{F548398D-9D14-44E9-8AA5-74C1A8CF2783}.Debug|Any CPU.Build.0 = Debug|Any CPU
		{F548398D-9D14-44E9-8AA5-74C1A8CF2783}.Release|Any CPU.ActiveCfg = Release|Any CPU
		{F548398D-9D14-44E9-8AA5-74C1A8CF2783}.Release|Any CPU.Build.0 = Release|Any CPU
	EndGlobalSection
	GlobalSection(SolutionProperties) = preSolution
		HideSolutionNode = FALSE
	EndGlobalSection
	GlobalSection(ExtensibilityGlobals) = postSolution
		SolutionGuid = {3D5CE8F7-81B7-4762-9D17-87D2DEA620ED}
	EndGlobalSection
EndGlobal
